
Microsoft Visual Studio Solution File, Format Version 12.00
# Visual Studio Version 16
VisualStudioVersion = 16.0.30523.141
MinimumVisualStudioVersion = 10.0.40219.1
Project("{FAE04EC0-301F-11D3-BF4B-00C04F79EFBC}") = "MM.Common", "MM.Common\MM.Common.csproj", "{AEA43BEE-2D56-4FC4-8DB5-0019792E12C0}"
EndProject
Global
	GlobalSection(SolutionConfigurationPlatforms) = preSolution
		Debug|Any CPU = Debug|Any CPU
		Release|Any CPU = Release|Any CPU
	EndGlobalSection
	GlobalSection(ProjectConfigurationPlatforms) = postSolution
		{AEA43BEE-2D56-4FC4-8DB5-0019792E12C0}.Debug|Any CPU.ActiveCfg = Debug|Any CPU
		{AEA43BEE-2D56-4FC4-8DB5-0019792E12C0}.Debug|Any CPU.Build.0 = Debug|Any CPU
		{AEA43BEE-2D56-4FC4-8DB5-0019792E12C0}.Release|Any CPU.ActiveCfg = Release|Any CPU
		{AEA43BEE-2D56-4FC4-8DB5-0019792E12C0}.Release|Any CPU.Build.0 = Release|Any CPU
	EndGlobalSection
	GlobalSection(SolutionProperties) = preSolution
		HideSolutionNode = FALSE
	EndGlobalSection
	GlobalSection(ExtensibilityGlobals) = postSolution
		SolutionGuid = {1866A9BE-0E29-481D-B402-80A0546E7751}
	EndGlobalSection
EndGlobal
